
Microsoft Visual Studio Solution File, Format Version 12.00
Project("{FAE04EC0-301F-11D3-BF4B-00C04F79EFBC}") = "Bookify.Domain", "Bookify.Domain\Bookify.Domain.csproj", "{9291F02F-7912-4DFD-8D21-98B6A4BB2D02}"
EndProject
Project("{FAE04EC0-301F-11D3-BF4B-00C04F79EFBC}") = "Bookify.Persistence", "Bookify.Persistence\Bookify.Persistence.csproj", "{A55485DA-2B8F-4546-BC80-491B8C321D74}"
EndProject
Project("{FAE04EC0-301F-11D3-BF4B-00C04F79EFBC}") = "Bookify.Infrastructure", "Bookify.Infrastructure\Bookify.Infrastructure.csproj", "{56931330-6C1A-4E82-8B5D-5081A170927A}"
EndProject
Project("{FAE04EC0-301F-11D3-BF4B-00C04F79EFBC}") = "Bookify.Application", "Bookify.Application\Bookify.Application.csproj", "{9F775DBC-DB10-408D-A9F7-8E4D39EF4ABD}"
EndProject
Project("{FAE04EC0-301F-11D3-BF4B-00C04F79EFBC}") = "Bookify.Api", "Bookify.Api\Bookify.Api.csproj", "{51970F99-BB3B-4630-B173-4D2800C5F4FD}"
EndProject
Global
	GlobalSection(SolutionConfigurationPlatforms) = preSolution
		Debug|Any CPU = Debug|Any CPU
		Release|Any CPU = Release|Any CPU
	EndGlobalSection
	GlobalSection(ProjectConfigurationPlatforms) = postSolution
		{9291F02F-7912-4DFD-8D21-98B6A4BB2D02}.Debug|Any CPU.ActiveCfg = Debug|Any CPU
		{9291F02F-7912-4DFD-8D21-98B6A4BB2D02}.Debug|Any CPU.Build.0 = Debug|Any CPU
		{9291F02F-7912-4DFD-8D21-98B6A4BB2D02}.Release|Any CPU.ActiveCfg = Release|Any CPU
		{9291F02F-7912-4DFD-8D21-98B6A4BB2D02}.Release|Any CPU.Build.0 = Release|Any CPU
		{A55485DA-2B8F-4546-BC80-491B8C321D74}.Debug|Any CPU.ActiveCfg = Debug|Any CPU
		{A55485DA-2B8F-4546-BC80-491B8C321D74}.Debug|Any CPU.Build.0 = Debug|Any CPU
		{A55485DA-2B8F-4546-BC80-491B8C321D74}.Release|Any CPU.ActiveCfg = Release|Any CPU
		{A55485DA-2B8F-4546-BC80-491B8C321D74}.Release|Any CPU.Build.0 = Release|Any CPU
		{56931330-6C1A-4E82-8B5D-5081A170927A}.Debug|Any CPU.ActiveCfg = Debug|Any CPU
		{56931330-6C1A-4E82-8B5D-5081A170927A}.Debug|Any CPU.Build.0 = Debug|Any CPU
		{56931330-6C1A-4E82-8B5D-5081A170927A}.Release|Any CPU.ActiveCfg = Release|Any CPU
		{56931330-6C1A-4E82-8B5D-5081A170927A}.Release|Any CPU.Build.0 = Release|Any CPU
		{9F775DBC-DB10-408D-A9F7-8E4D39EF4ABD}.Debug|Any CPU.ActiveCfg = Debug|Any CPU
		{9F775DBC-DB10-408D-A9F7-8E4D39EF4ABD}.Debug|Any CPU.Build.0 = Debug|Any CPU
		{9F775DBC-DB10-408D-A9F7-8E4D39EF4ABD}.Release|Any CPU.ActiveCfg = Release|Any CPU
		{9F775DBC-DB10-408D-A9F7-8E4D39EF4ABD}.Release|Any CPU.Build.0 = Release|Any CPU
		{51970F99-BB3B-4630-B173-4D2800C5F4FD}.Debug|Any CPU.ActiveCfg = Debug|Any CPU
		{51970F99-BB3B-4630-B173-4D2800C5F4FD}.Debug|Any CPU.Build.0 = Debug|Any CPU
		{51970F99-BB3B-4630-B173-4D2800C5F4FD}.Release|Any CPU.ActiveCfg = Release|Any CPU
		{51970F99-BB3B-4630-B173-4D2800C5F4FD}.Release|Any CPU.Build.0 = Release|Any CPU
	EndGlobalSection
EndGlobal
